
Microsoft Visual Studio Solution File, Format Version 12.00
# Visual Studio Version 16
VisualStudioVersion = 16.0.31613.86
MinimumVisualStudioVersion = 10.0.40219.1
Project("{9A19103F-16F7-4668-BE54-9A1E7A4F7556}") = "FriendyFy", "FriendyFy\FriendyFy.csproj", "{6A41A69C-E532-47E0-A9CA-704C845FCD78}"
EndProject
Project("{FAE04EC0-301F-11D3-BF4B-00C04F79EFBC}") = "FriendyFy.Mapping", "FriendyFy.Mapping\FriendyFy.Mapping.csproj", "{CE23C5D2-4FD0-40DD-A184-C3ADC9BEDD6F}"
EndProject
Global
	GlobalSection(SolutionConfigurationPlatforms) = preSolution
		Debug|Any CPU = Debug|Any CPU
		Release|Any CPU = Release|Any CPU
	EndGlobalSection
	GlobalSection(ProjectConfigurationPlatforms) = postSolution
		{6A41A69C-E532-47E0-A9CA-704C845FCD78}.Debug|Any CPU.ActiveCfg = Debug|Any CPU
		{6A41A69C-E532-47E0-A9CA-704C845FCD78}.Debug|Any CPU.Build.0 = Debug|Any CPU
		{6A41A69C-E532-47E0-A9CA-704C845FCD78}.Release|Any CPU.ActiveCfg = Release|Any CPU
		{6A41A69C-E532-47E0-A9CA-704C845FCD78}.Release|Any CPU.Build.0 = Release|Any CPU
		{CE23C5D2-4FD0-40DD-A184-C3ADC9BEDD6F}.Debug|Any CPU.ActiveCfg = Debug|Any CPU
		{CE23C5D2-4FD0-40DD-A184-C3ADC9BEDD6F}.Debug|Any CPU.Build.0 = Debug|Any CPU
		{CE23C5D2-4FD0-40DD-A184-C3ADC9BEDD6F}.Release|Any CPU.ActiveCfg = Release|Any CPU
		{CE23C5D2-4FD0-40DD-A184-C3ADC9BEDD6F}.Release|Any CPU.Build.0 = Release|Any CPU
	EndGlobalSection
	GlobalSection(SolutionProperties) = preSolution
		HideSolutionNode = FALSE
	EndGlobalSection
	GlobalSection(ExtensibilityGlobals) = postSolution
		SolutionGuid = {61F0CF0C-DC40-470C-8A1B-79440B32BF8C}
	EndGlobalSection
EndGlobal
