
Microsoft Visual Studio Solution File, Format Version 12.00
# Visual Studio Version 17
VisualStudioVersion = 17.4.33213.308
MinimumVisualStudioVersion = 10.0.40219.1
Project("{9A19103F-16F7-4668-BE54-9A1E7A4F7556}") = "FriendyFy", "FriendyFy\FriendyFy.csproj", "{6A41A69C-E532-47E0-A9CA-704C845FCD78}"
EndProject
Project("{9A19103F-16F7-4668-BE54-9A1E7A4F7556}") = "FriendyFy.Messaging", "FriendyFy.Messaging\FriendyFy.Messaging.csproj", "{1E959B75-3FB0-42FD-A090-1BCFB975AAF2}"
EndProject
Project("{9A19103F-16F7-4668-BE54-9A1E7A4F7556}") = "FriendyFy.Common", "FriendyFy.Common\FriendyFy.Common.csproj", "{F7008F15-474A-46C8-9916-E6C9DD7D2A33}"
EndProject
Project("{9A19103F-16F7-4668-BE54-9A1E7A4F7556}") = "FriendyFy.BlobStorage", "FriendyFy.BlobStorage\FriendyFy.BlobStorage.csproj", "{E2346939-8073-4871-B7E2-E02B02BE382C}"
EndProject
Global
	GlobalSection(SolutionConfigurationPlatforms) = preSolution
		Debug|Any CPU = Debug|Any CPU
		Release|Any CPU = Release|Any CPU
	EndGlobalSection
	GlobalSection(ProjectConfigurationPlatforms) = postSolution
		{6A41A69C-E532-47E0-A9CA-704C845FCD78}.Debug|Any CPU.ActiveCfg = Debug|Any CPU
		{6A41A69C-E532-47E0-A9CA-704C845FCD78}.Debug|Any CPU.Build.0 = Debug|Any CPU
		{6A41A69C-E532-47E0-A9CA-704C845FCD78}.Release|Any CPU.ActiveCfg = Release|Any CPU
		{6A41A69C-E532-47E0-A9CA-704C845FCD78}.Release|Any CPU.Build.0 = Release|Any CPU
		{1E959B75-3FB0-42FD-A090-1BCFB975AAF2}.Debug|Any CPU.ActiveCfg = Debug|Any CPU
		{1E959B75-3FB0-42FD-A090-1BCFB975AAF2}.Debug|Any CPU.Build.0 = Debug|Any CPU
		{1E959B75-3FB0-42FD-A090-1BCFB975AAF2}.Release|Any CPU.ActiveCfg = Release|Any CPU
		{1E959B75-3FB0-42FD-A090-1BCFB975AAF2}.Release|Any CPU.Build.0 = Release|Any CPU
		{F7008F15-474A-46C8-9916-E6C9DD7D2A33}.Debug|Any CPU.ActiveCfg = Debug|Any CPU
		{F7008F15-474A-46C8-9916-E6C9DD7D2A33}.Debug|Any CPU.Build.0 = Debug|Any CPU
		{F7008F15-474A-46C8-9916-E6C9DD7D2A33}.Release|Any CPU.ActiveCfg = Release|Any CPU
		{F7008F15-474A-46C8-9916-E6C9DD7D2A33}.Release|Any CPU.Build.0 = Release|Any CPU
		{E2346939-8073-4871-B7E2-E02B02BE382C}.Debug|Any CPU.ActiveCfg = Debug|Any CPU
		{E2346939-8073-4871-B7E2-E02B02BE382C}.Debug|Any CPU.Build.0 = Debug|Any CPU
		{E2346939-8073-4871-B7E2-E02B02BE382C}.Release|Any CPU.ActiveCfg = Release|Any CPU
		{E2346939-8073-4871-B7E2-E02B02BE382C}.Release|Any CPU.Build.0 = Release|Any CPU
	EndGlobalSection
	GlobalSection(SolutionProperties) = preSolution
		HideSolutionNode = FALSE
	EndGlobalSection
	GlobalSection(ExtensibilityGlobals) = postSolution
		SolutionGuid = {61F0CF0C-DC40-470C-8A1B-79440B32BF8C}
	EndGlobalSection
EndGlobal
